
Microsoft Visual Studio Solution File, Format Version 12.00
# Visual Studio Version 17
VisualStudioVersion = 17.12.35527.113 d17.12
MinimumVisualStudioVersion = 10.0.40219.1
Project("{2150E333-8FDC-42A3-9474-1A3956D46DE8}") = "AuthService", "AuthService", "{51BAB9E2-B8DC-47C1-8DD2-F0148789ED82}"
EndProject
Project("{FAE04EC0-301F-11D3-BF4B-00C04F79EFBC}") = "AuthService.Application", "AuthService.Application\AuthService.Application.csproj", "{13A1B261-EE5D-4579-BED5-A9C2BB10315A}"
EndProject
Project("{FAE04EC0-301F-11D3-BF4B-00C04F79EFBC}") = "AuthService.Domain", "AuthService.Domain\AuthService.Domain.csproj", "{1BA77A4E-B674-4586-A8C0-01D6651B3443}"
EndProject
Project("{FAE04EC0-301F-11D3-BF4B-00C04F79EFBC}") = "AuthService.Contracts", "AuthService.Contracts\AuthService.Contracts.csproj", "{80991296-C021-496B-A08F-46B083FC65DD}"
EndProject
Project("{FAE04EC0-301F-11D3-BF4B-00C04F79EFBC}") = "AuthService.Infrastructure", "AuthService.Infrastructure\AuthService.Infrastructure.csproj", "{5C452EBE-B8FF-44B8-AEE5-A8317D9E71A6}"
EndProject
Project("{FAE04EC0-301F-11D3-BF4B-00C04F79EFBC}") = "AuthService.Persistence", "AuthService.Persistence\AuthService.Persistence.csproj", "{1DAC067B-041F-4422-AC31-6392FAAA1E17}"
EndProject
Project("{FAE04EC0-301F-11D3-BF4B-00C04F79EFBC}") = "AuthService.API", "AuthService.API\AuthService.API.csproj", "{68AD2D44-740F-4043-8913-C476624E030F}"
EndProject
Project("{2150E333-8FDC-42A3-9474-1A3956D46DE8}") = "ClientService", "ClientService", "{75BBD8FC-4FB4-419E-91F7-5EB7FF0AC774}"
EndProject
Project("{FAE04EC0-301F-11D3-BF4B-00C04F79EFBC}") = "ClientService.Contracts", "ClientService.Contracts\ClientService.Contracts.csproj", "{191395BE-D0A4-43D9-8391-3D987D0EEE7E}"
EndProject
Project("{FAE04EC0-301F-11D3-BF4B-00C04F79EFBC}") = "ClientService.Persistence", "ClientService.Persistence\ClientService.Persistence.csproj", "{CD388D0F-A95E-4185-9E6F-D085F04B6DDB}"
EndProject
Project("{FAE04EC0-301F-11D3-BF4B-00C04F79EFBC}") = "ClientService.Infrastructure", "ClientService.Infrastructure\ClientService.Infrastructure.csproj", "{A42C00BF-C85B-48DE-9BA0-05C00C6FDC14}"
EndProject
Project("{FAE04EC0-301F-11D3-BF4B-00C04F79EFBC}") = "ClientService.Domain", "ClientService.Domain\ClientService.Domain.csproj", "{8F940933-C21E-43E5-91F8-DA7133EC6414}"
EndProject
Project("{FAE04EC0-301F-11D3-BF4B-00C04F79EFBC}") = "ClientService.Application", "ClientService.Application\ClientService.Application.csproj", "{AD74638F-024B-456F-9BEC-628967887822}"
EndProject
Project("{FAE04EC0-301F-11D3-BF4B-00C04F79EFBC}") = "ClientService.API", "ClientService.API\ClientService.API.csproj", "{1C8EF13B-83C1-49C7-8138-868B76996188}"
EndProject
Global
	GlobalSection(SolutionConfigurationPlatforms) = preSolution
		Debug|Any CPU = Debug|Any CPU
		Release|Any CPU = Release|Any CPU
	EndGlobalSection
	GlobalSection(ProjectConfigurationPlatforms) = postSolution
		{13A1B261-EE5D-4579-BED5-A9C2BB10315A}.Debug|Any CPU.ActiveCfg = Debug|Any CPU
		{13A1B261-EE5D-4579-BED5-A9C2BB10315A}.Debug|Any CPU.Build.0 = Debug|Any CPU
		{13A1B261-EE5D-4579-BED5-A9C2BB10315A}.Release|Any CPU.ActiveCfg = Release|Any CPU
		{13A1B261-EE5D-4579-BED5-A9C2BB10315A}.Release|Any CPU.Build.0 = Release|Any CPU
		{1BA77A4E-B674-4586-A8C0-01D6651B3443}.Debug|Any CPU.ActiveCfg = Debug|Any CPU
		{1BA77A4E-B674-4586-A8C0-01D6651B3443}.Debug|Any CPU.Build.0 = Debug|Any CPU
		{1BA77A4E-B674-4586-A8C0-01D6651B3443}.Release|Any CPU.ActiveCfg = Release|Any CPU
		{1BA77A4E-B674-4586-A8C0-01D6651B3443}.Release|Any CPU.Build.0 = Release|Any CPU
		{80991296-C021-496B-A08F-46B083FC65DD}.Debug|Any CPU.ActiveCfg = Debug|Any CPU
		{80991296-C021-496B-A08F-46B083FC65DD}.Debug|Any CPU.Build.0 = Debug|Any CPU
		{80991296-C021-496B-A08F-46B083FC65DD}.Release|Any CPU.ActiveCfg = Release|Any CPU
		{80991296-C021-496B-A08F-46B083FC65DD}.Release|Any CPU.Build.0 = Release|Any CPU
		{5C452EBE-B8FF-44B8-AEE5-A8317D9E71A6}.Debug|Any CPU.ActiveCfg = Debug|Any CPU
		{5C452EBE-B8FF-44B8-AEE5-A8317D9E71A6}.Debug|Any CPU.Build.0 = Debug|Any CPU
		{5C452EBE-B8FF-44B8-AEE5-A8317D9E71A6}.Release|Any CPU.ActiveCfg = Release|Any CPU
		{5C452EBE-B8FF-44B8-AEE5-A8317D9E71A6}.Release|Any CPU.Build.0 = Release|Any CPU
		{1DAC067B-041F-4422-AC31-6392FAAA1E17}.Debug|Any CPU.ActiveCfg = Debug|Any CPU
		{1DAC067B-041F-4422-AC31-6392FAAA1E17}.Debug|Any CPU.Build.0 = Debug|Any CPU
		{1DAC067B-041F-4422-AC31-6392FAAA1E17}.Release|Any CPU.ActiveCfg = Release|Any CPU
		{1DAC067B-041F-4422-AC31-6392FAAA1E17}.Release|Any CPU.Build.0 = Release|Any CPU
		{68AD2D44-740F-4043-8913-C476624E030F}.Debug|Any CPU.ActiveCfg = Debug|Any CPU
		{68AD2D44-740F-4043-8913-C476624E030F}.Debug|Any CPU.Build.0 = Debug|Any CPU
		{68AD2D44-740F-4043-8913-C476624E030F}.Release|Any CPU.ActiveCfg = Release|Any CPU
		{68AD2D44-740F-4043-8913-C476624E030F}.Release|Any CPU.Build.0 = Release|Any CPU
		{191395BE-D0A4-43D9-8391-3D987D0EEE7E}.Debug|Any CPU.ActiveCfg = Debug|Any CPU
		{191395BE-D0A4-43D9-8391-3D987D0EEE7E}.Debug|Any CPU.Build.0 = Debug|Any CPU
		{191395BE-D0A4-43D9-8391-3D987D0EEE7E}.Release|Any CPU.ActiveCfg = Release|Any CPU
		{191395BE-D0A4-43D9-8391-3D987D0EEE7E}.Release|Any CPU.Build.0 = Release|Any CPU
		{CD388D0F-A95E-4185-9E6F-D085F04B6DDB}.Debug|Any CPU.ActiveCfg = Debug|Any CPU
		{CD388D0F-A95E-4185-9E6F-D085F04B6DDB}.Debug|Any CPU.Build.0 = Debug|Any CPU
		{CD388D0F-A95E-4185-9E6F-D085F04B6DDB}.Release|Any CPU.ActiveCfg = Release|Any CPU
		{CD388D0F-A95E-4185-9E6F-D085F04B6DDB}.Release|Any CPU.Build.0 = Release|Any CPU
		{A42C00BF-C85B-48DE-9BA0-05C00C6FDC14}.Debug|Any CPU.ActiveCfg = Debug|Any CPU
		{A42C00BF-C85B-48DE-9BA0-05C00C6FDC14}.Debug|Any CPU.Build.0 = Debug|Any CPU
		{A42C00BF-C85B-48DE-9BA0-05C00C6FDC14}.Release|Any CPU.ActiveCfg = Release|Any CPU
		{A42C00BF-C85B-48DE-9BA0-05C00C6FDC14}.Release|Any CPU.Build.0 = Release|Any CPU
		{8F940933-C21E-43E5-91F8-DA7133EC6414}.Debug|Any CPU.ActiveCfg = Debug|Any CPU
		{8F940933-C21E-43E5-91F8-DA7133EC6414}.Debug|Any CPU.Build.0 = Debug|Any CPU
		{8F940933-C21E-43E5-91F8-DA7133EC6414}.Release|Any CPU.ActiveCfg = Release|Any CPU
		{8F940933-C21E-43E5-91F8-DA7133EC6414}.Release|Any CPU.Build.0 = Release|Any CPU
		{AD74638F-024B-456F-9BEC-628967887822}.Debug|Any CPU.ActiveCfg = Debug|Any CPU
		{AD74638F-024B-456F-9BEC-628967887822}.Debug|Any CPU.Build.0 = Debug|Any CPU
		{AD74638F-024B-456F-9BEC-628967887822}.Release|Any CPU.ActiveCfg = Release|Any CPU
		{AD74638F-024B-456F-9BEC-628967887822}.Release|Any CPU.Build.0 = Release|Any CPU
		{1C8EF13B-83C1-49C7-8138-868B76996188}.Debug|Any CPU.ActiveCfg = Debug|Any CPU
		{1C8EF13B-83C1-49C7-8138-868B76996188}.Debug|Any CPU.Build.0 = Debug|Any CPU
		{1C8EF13B-83C1-49C7-8138-868B76996188}.Release|Any CPU.ActiveCfg = Release|Any CPU
		{1C8EF13B-83C1-49C7-8138-868B76996188}.Release|Any CPU.Build.0 = Release|Any CPU
	EndGlobalSection
	GlobalSection(SolutionProperties) = preSolution
		HideSolutionNode = FALSE
	EndGlobalSection
	GlobalSection(NestedProjects) = preSolution
		{13A1B261-EE5D-4579-BED5-A9C2BB10315A} = {51BAB9E2-B8DC-47C1-8DD2-F0148789ED82}
		{1BA77A4E-B674-4586-A8C0-01D6651B3443} = {51BAB9E2-B8DC-47C1-8DD2-F0148789ED82}
		{80991296-C021-496B-A08F-46B083FC65DD} = {51BAB9E2-B8DC-47C1-8DD2-F0148789ED82}
		{5C452EBE-B8FF-44B8-AEE5-A8317D9E71A6} = {51BAB9E2-B8DC-47C1-8DD2-F0148789ED82}
		{1DAC067B-041F-4422-AC31-6392FAAA1E17} = {51BAB9E2-B8DC-47C1-8DD2-F0148789ED82}
		{68AD2D44-740F-4043-8913-C476624E030F} = {51BAB9E2-B8DC-47C1-8DD2-F0148789ED82}
		{191395BE-D0A4-43D9-8391-3D987D0EEE7E} = {75BBD8FC-4FB4-419E-91F7-5EB7FF0AC774}
		{CD388D0F-A95E-4185-9E6F-D085F04B6DDB} = {75BBD8FC-4FB4-419E-91F7-5EB7FF0AC774}
		{A42C00BF-C85B-48DE-9BA0-05C00C6FDC14} = {75BBD8FC-4FB4-419E-91F7-5EB7FF0AC774}
		{8F940933-C21E-43E5-91F8-DA7133EC6414} = {75BBD8FC-4FB4-419E-91F7-5EB7FF0AC774}
		{AD74638F-024B-456F-9BEC-628967887822} = {75BBD8FC-4FB4-419E-91F7-5EB7FF0AC774}
		{1C8EF13B-83C1-49C7-8138-868B76996188} = {75BBD8FC-4FB4-419E-91F7-5EB7FF0AC774}
	EndGlobalSection
EndGlobal
